
Microsoft Visual Studio Solution File, Format Version 12.00
# Visual Studio Version 17
VisualStudioVersion = 17.0.32014.148
MinimumVisualStudioVersion = 10.0.40219.1
Project("{FAE04EC0-301F-11D3-BF4B-00C04F79EFBC}") = "Restaurant_Management_System_CRUD", "Restaurant_Management_System_CRUD\Restaurant_Management_System_CRUD.csproj", "{5F4D54FF-649E-4A11-92CA-5BF8302AE4D7}"
EndProject
Global
	GlobalSection(SolutionConfigurationPlatforms) = preSolution
		Debug|Any CPU = Debug|Any CPU
		Release|Any CPU = Release|Any CPU
	EndGlobalSection
	GlobalSection(ProjectConfigurationPlatforms) = postSolution
		{5F4D54FF-649E-4A11-92CA-5BF8302AE4D7}.Debug|Any CPU.ActiveCfg = Debug|Any CPU
		{5F4D54FF-649E-4A11-92CA-5BF8302AE4D7}.Debug|Any CPU.Build.0 = Debug|Any CPU
		{5F4D54FF-649E-4A11-92CA-5BF8302AE4D7}.Release|Any CPU.ActiveCfg = Release|Any CPU
		{5F4D54FF-649E-4A11-92CA-5BF8302AE4D7}.Release|Any CPU.Build.0 = Release|Any CPU
	EndGlobalSection
	GlobalSection(SolutionProperties) = preSolution
		HideSolutionNode = FALSE
	EndGlobalSection
	GlobalSection(ExtensibilityGlobals) = postSolution
		SolutionGuid = {6ADBC70B-B593-404F-A340-8AB5A8612CE8}
	EndGlobalSection
EndGlobal
